
Microsoft Visual Studio Solution File, Format Version 12.00
# Visual Studio Version 16
VisualStudioVersion = 16.0.30517.126
MinimumVisualStudioVersion = 10.0.40219.1
Project("{FAE04EC0-301F-11D3-BF4B-00C04F79EFBC}") = "h2o", "h2o.csproj", "{698F5976-2765-47D3-AEB6-C4038AEFF7EE}"
EndProject
Global
	GlobalSection(SolutionConfigurationPlatforms) = preSolution
		Debug|x86 = Debug|x86
		Release|x86 = Release|x86
	EndGlobalSection
	GlobalSection(ProjectConfigurationPlatforms) = postSolution
		{698F5976-2765-47D3-AEB6-C4038AEFF7EE}.Debug|x86.ActiveCfg = Debug|x86
		{698F5976-2765-47D3-AEB6-C4038AEFF7EE}.Debug|x86.Build.0 = Debug|x86
		{698F5976-2765-47D3-AEB6-C4038AEFF7EE}.Release|x86.ActiveCfg = Release|x86
		{698F5976-2765-47D3-AEB6-C4038AEFF7EE}.Release|x86.Build.0 = Release|x86
	EndGlobalSection
	GlobalSection(SolutionProperties) = preSolution
		HideSolutionNode = FALSE
	EndGlobalSection
	GlobalSection(ExtensibilityGlobals) = postSolution
		SolutionGuid = {CA763173-E2C3-4B90-8A57-A616C9B82B6B}
	EndGlobalSection
EndGlobal
